
Microsoft Visual Studio Solution File, Format Version 12.00
# Visual Studio 15
VisualStudioVersion = 15.0.26124.0
MinimumVisualStudioVersion = 15.0.26124.0
Project("{2150E333-8FDC-42A3-9474-1A3956D46DE8}") = "src", "src", "{CF5DD0F7-BC30-4C57-A0A7-3EBF4F96D509}"
EndProject
Project("{FAE04EC0-301F-11D3-BF4B-00C04F79EFBC}") = "SlackJobPosterReceiver", "src\SlackJobPosterReceiver\SlackJobPosterReceiver.csproj", "{42709A8A-AA9A-4000-AB84-C30EBFC79AAC}"
EndProject
Project("{2150E333-8FDC-42A3-9474-1A3956D46DE8}") = "test", "test", "{919D234D-FA1F-4D66-BE51-80E6F2E821F5}"
EndProject
Project("{FAE04EC0-301F-11D3-BF4B-00C04F79EFBC}") = "SlackJobPosterReceiver.Tests", "test\SlackJobPosterReceiver.Tests\SlackJobPosterReceiver.Tests.csproj", "{773ED202-0CD1-4CD0-86B8-A7A3C3804102}"
EndProject
Global
	GlobalSection(SolutionConfigurationPlatforms) = preSolution
		Debug|Any CPU = Debug|Any CPU
		Debug|x64 = Debug|x64
		Debug|x86 = Debug|x86
		Release|Any CPU = Release|Any CPU
		Release|x64 = Release|x64
		Release|x86 = Release|x86
	EndGlobalSection
	GlobalSection(SolutionProperties) = preSolution
		HideSolutionNode = FALSE
	EndGlobalSection
	GlobalSection(ProjectConfigurationPlatforms) = postSolution
		{42709A8A-AA9A-4000-AB84-C30EBFC79AAC}.Debug|Any CPU.ActiveCfg = Debug|Any CPU
		{42709A8A-AA9A-4000-AB84-C30EBFC79AAC}.Debug|Any CPU.Build.0 = Debug|Any CPU
		{42709A8A-AA9A-4000-AB84-C30EBFC79AAC}.Debug|x64.ActiveCfg = Debug|Any CPU
		{42709A8A-AA9A-4000-AB84-C30EBFC79AAC}.Debug|x64.Build.0 = Debug|Any CPU
		{42709A8A-AA9A-4000-AB84-C30EBFC79AAC}.Debug|x86.ActiveCfg = Debug|Any CPU
		{42709A8A-AA9A-4000-AB84-C30EBFC79AAC}.Debug|x86.Build.0 = Debug|Any CPU
		{42709A8A-AA9A-4000-AB84-C30EBFC79AAC}.Release|Any CPU.ActiveCfg = Release|Any CPU
		{42709A8A-AA9A-4000-AB84-C30EBFC79AAC}.Release|Any CPU.Build.0 = Release|Any CPU
		{42709A8A-AA9A-4000-AB84-C30EBFC79AAC}.Release|x64.ActiveCfg = Release|Any CPU
		{42709A8A-AA9A-4000-AB84-C30EBFC79AAC}.Release|x64.Build.0 = Release|Any CPU
		{42709A8A-AA9A-4000-AB84-C30EBFC79AAC}.Release|x86.ActiveCfg = Release|Any CPU
		{42709A8A-AA9A-4000-AB84-C30EBFC79AAC}.Release|x86.Build.0 = Release|Any CPU
		{773ED202-0CD1-4CD0-86B8-A7A3C3804102}.Debug|Any CPU.ActiveCfg = Debug|Any CPU
		{773ED202-0CD1-4CD0-86B8-A7A3C3804102}.Debug|Any CPU.Build.0 = Debug|Any CPU
		{773ED202-0CD1-4CD0-86B8-A7A3C3804102}.Debug|x64.ActiveCfg = Debug|Any CPU
		{773ED202-0CD1-4CD0-86B8-A7A3C3804102}.Debug|x64.Build.0 = Debug|Any CPU
		{773ED202-0CD1-4CD0-86B8-A7A3C3804102}.Debug|x86.ActiveCfg = Debug|Any CPU
		{773ED202-0CD1-4CD0-86B8-A7A3C3804102}.Debug|x86.Build.0 = Debug|Any CPU
		{773ED202-0CD1-4CD0-86B8-A7A3C3804102}.Release|Any CPU.ActiveCfg = Release|Any CPU
		{773ED202-0CD1-4CD0-86B8-A7A3C3804102}.Release|Any CPU.Build.0 = Release|Any CPU
		{773ED202-0CD1-4CD0-86B8-A7A3C3804102}.Release|x64.ActiveCfg = Release|Any CPU
		{773ED202-0CD1-4CD0-86B8-A7A3C3804102}.Release|x64.Build.0 = Release|Any CPU
		{773ED202-0CD1-4CD0-86B8-A7A3C3804102}.Release|x86.ActiveCfg = Release|Any CPU
		{773ED202-0CD1-4CD0-86B8-A7A3C3804102}.Release|x86.Build.0 = Release|Any CPU
	EndGlobalSection
	GlobalSection(NestedProjects) = preSolution
		{42709A8A-AA9A-4000-AB84-C30EBFC79AAC} = {CF5DD0F7-BC30-4C57-A0A7-3EBF4F96D509}
		{773ED202-0CD1-4CD0-86B8-A7A3C3804102} = {919D234D-FA1F-4D66-BE51-80E6F2E821F5}
	EndGlobalSection
EndGlobal
